
Microsoft Visual Studio Solution File, Format Version 12.00
# Visual Studio Version 16
VisualStudioVersion = 16.0.31129.286
MinimumVisualStudioVersion = 10.0.40219.1
Project("{FAE04EC0-301F-11D3-BF4B-00C04F79EFBC}") = "Soru4", "Soru4\Soru4.csproj", "{CC4EE854-D6CA-4B58-8A1A-D006381617C7}"
EndProject
Global
	GlobalSection(SolutionConfigurationPlatforms) = preSolution
		Debug|Any CPU = Debug|Any CPU
		Release|Any CPU = Release|Any CPU
	EndGlobalSection
	GlobalSection(ProjectConfigurationPlatforms) = postSolution
		{CC4EE854-D6CA-4B58-8A1A-D006381617C7}.Debug|Any CPU.ActiveCfg = Debug|Any CPU
		{CC4EE854-D6CA-4B58-8A1A-D006381617C7}.Debug|Any CPU.Build.0 = Debug|Any CPU
		{CC4EE854-D6CA-4B58-8A1A-D006381617C7}.Release|Any CPU.ActiveCfg = Release|Any CPU
		{CC4EE854-D6CA-4B58-8A1A-D006381617C7}.Release|Any CPU.Build.0 = Release|Any CPU
	EndGlobalSection
	GlobalSection(SolutionProperties) = preSolution
		HideSolutionNode = FALSE
	EndGlobalSection
	GlobalSection(ExtensibilityGlobals) = postSolution
		SolutionGuid = {FC4D5CAB-9BB9-4BFD-A6DF-33F75B55CCEF}
	EndGlobalSection
EndGlobal
