
Microsoft Visual Studio Solution File, Format Version 12.00
# Visual Studio Version 16
VisualStudioVersion = 16.0.31321.278
MinimumVisualStudioVersion = 10.0.40219.1
Project("{FAE04EC0-301F-11D3-BF4B-00C04F79EFBC}") = "Soru2", "Soru2\Soru2.csproj", "{DCFCFBB6-E318-4C97-94BA-8F50D2E0634C}"
EndProject
Global
	GlobalSection(SolutionConfigurationPlatforms) = preSolution
		Debug|Any CPU = Debug|Any CPU
		Release|Any CPU = Release|Any CPU
	EndGlobalSection
	GlobalSection(ProjectConfigurationPlatforms) = postSolution
		{DCFCFBB6-E318-4C97-94BA-8F50D2E0634C}.Debug|Any CPU.ActiveCfg = Debug|Any CPU
		{DCFCFBB6-E318-4C97-94BA-8F50D2E0634C}.Debug|Any CPU.Build.0 = Debug|Any CPU
		{DCFCFBB6-E318-4C97-94BA-8F50D2E0634C}.Release|Any CPU.ActiveCfg = Release|Any CPU
		{DCFCFBB6-E318-4C97-94BA-8F50D2E0634C}.Release|Any CPU.Build.0 = Release|Any CPU
	EndGlobalSection
	GlobalSection(SolutionProperties) = preSolution
		HideSolutionNode = FALSE
	EndGlobalSection
	GlobalSection(ExtensibilityGlobals) = postSolution
		SolutionGuid = {5D4C118B-E7CE-4E61-AB9D-21A1C2D185FA}
	EndGlobalSection
EndGlobal
